
Microsoft Visual Studio Solution File, Format Version 12.00
# Visual Studio Version 17
VisualStudioVersion = 17.8.34205.153
MinimumVisualStudioVersion = 10.0.40219.1
Project("{FAE04EC0-301F-11D3-BF4B-00C04F79EFBC}") = "MinitestTN", "MinitestTN\MinitestTN.csproj", "{C2F77BB1-6D3F-4015-B47E-AFE46712847E}"
EndProject
Project("{FAE04EC0-301F-11D3-BF4B-00C04F79EFBC}") = "DataAccess", "DataAccess\DataAccess.csproj", "{602157CC-5878-4C2F-8AC6-3446F3BAF4F8}"
EndProject
Project("{FAE04EC0-301F-11D3-BF4B-00C04F79EFBC}") = "Course.Core", "Course.Core\Course.Core.csproj", "{2A11D4F1-B19E-47D6-84FC-10C3B8970D0D}"
EndProject
Global
	GlobalSection(SolutionConfigurationPlatforms) = preSolution
		Debug|Any CPU = Debug|Any CPU
		Release|Any CPU = Release|Any CPU
	EndGlobalSection
	GlobalSection(ProjectConfigurationPlatforms) = postSolution
		{C2F77BB1-6D3F-4015-B47E-AFE46712847E}.Debug|Any CPU.ActiveCfg = Debug|Any CPU
		{C2F77BB1-6D3F-4015-B47E-AFE46712847E}.Debug|Any CPU.Build.0 = Debug|Any CPU
		{C2F77BB1-6D3F-4015-B47E-AFE46712847E}.Release|Any CPU.ActiveCfg = Release|Any CPU
		{C2F77BB1-6D3F-4015-B47E-AFE46712847E}.Release|Any CPU.Build.0 = Release|Any CPU
		{602157CC-5878-4C2F-8AC6-3446F3BAF4F8}.Debug|Any CPU.ActiveCfg = Debug|Any CPU
		{602157CC-5878-4C2F-8AC6-3446F3BAF4F8}.Debug|Any CPU.Build.0 = Debug|Any CPU
		{602157CC-5878-4C2F-8AC6-3446F3BAF4F8}.Release|Any CPU.ActiveCfg = Release|Any CPU
		{602157CC-5878-4C2F-8AC6-3446F3BAF4F8}.Release|Any CPU.Build.0 = Release|Any CPU
		{2A11D4F1-B19E-47D6-84FC-10C3B8970D0D}.Debug|Any CPU.ActiveCfg = Debug|Any CPU
		{2A11D4F1-B19E-47D6-84FC-10C3B8970D0D}.Debug|Any CPU.Build.0 = Debug|Any CPU
		{2A11D4F1-B19E-47D6-84FC-10C3B8970D0D}.Release|Any CPU.ActiveCfg = Release|Any CPU
		{2A11D4F1-B19E-47D6-84FC-10C3B8970D0D}.Release|Any CPU.Build.0 = Release|Any CPU
	EndGlobalSection
	GlobalSection(SolutionProperties) = preSolution
		HideSolutionNode = FALSE
	EndGlobalSection
	GlobalSection(ExtensibilityGlobals) = postSolution
		SolutionGuid = {2EECA659-44FB-4B66-8E57-7EAF8134FD79}
	EndGlobalSection
EndGlobal
